// !$*UTF8*$!
{
	archiveVersion = 1;
	classes = {
	};
	objectVersion = 56;
	objects = {

/* Begin PBXBuildFile section */
		2872CBB829AD694A00952AE5 /* HomeScreenView.swift in Sources */ = {isa = PBXBuildFile; fileRef = 2872CBB729AD694A00952AE5 /* HomeScreenView.swift */; };
		2872CBBA29AD69B000952AE5 /* InitialLoginView.swift in Sources */ = {isa = PBXBuildFile; fileRef = 2872CBB929AD69B000952AE5 /* InitialLoginView.swift */; };
		2872CBBC29AD6DF200952AE5 /* ColorExample.swift in Sources */ = {isa = PBXBuildFile; fileRef = 2872CBBB29AD6DF200952AE5 /* ColorExample.swift */; };
		2872CBBE29AD6F3C00952AE5 /* AuthenticationService.swift in Sources */ = {isa = PBXBuildFile; fileRef = 2872CBBD29AD6F3C00952AE5 /* AuthenticationService.swift */; };
		7F52DCA929AAA19400261C02 /* ReflectEarlyTesting2App.swift in Sources */ = {isa = PBXBuildFile; fileRef = 7F52DCA829AAA19400261C02 /* ReflectEarlyTesting2App.swift */; };
		7F52DCAD29AAA19500261C02 /* Assets.xcassets in Resources */ = {isa = PBXBuildFile; fileRef = 7F52DCAC29AAA19500261C02 /* Assets.xcassets */; };
		7F52DCB029AAA19500261C02 /* Preview Assets.xcassets in Resources */ = {isa = PBXBuildFile; fileRef = 7F52DCAF29AAA19500261C02 /* Preview Assets.xcassets */; };
		7F52DCB929AAA27100261C02 /* ContentView.swift in Sources */ = {isa = PBXBuildFile; fileRef = 7F52DCB829AAA27100261C02 /* ContentView.swift */; };
		7F52DCC029AAA29000261C02 /* UserView.swift in Sources */ = {isa = PBXBuildFile; fileRef = 7F52DCBA29AAA28F00261C02 /* UserView.swift */; };
		7F52DCC129AAA29000261C02 /* ContentView-ViewModel.swift in Sources */ = {isa = PBXBuildFile; fileRef = 7F52DCBB29AAA28F00261C02 /* ContentView-ViewModel.swift */; };
		7F52DCC229AAA29000261C02 /* ChooseNoteTypeView.swift in Sources */ = {isa = PBXBuildFile; fileRef = 7F52DCBC29AAA28F00261C02 /* ChooseNoteTypeView.swift */; };
		7F52DCC329AAA29000261C02 /* SignUpView.swift in Sources */ = {isa = PBXBuildFile; fileRef = 7F52DCBD29AAA28F00261C02 /* SignUpView.swift */; };
		7F52DCC429AAA29000261C02 /* LoginView.swift in Sources */ = {isa = PBXBuildFile; fileRef = 7F52DCBE29AAA29000261C02 /* LoginView.swift */; };
		7F52DCC529AAA29000261C02 /* SettingsView.swift in Sources */ = {isa = PBXBuildFile; fileRef = 7F52DCBF29AAA29000261C02 /* SettingsView.swift */; };
		7F52DCC729AAA2E800261C02 /* GoogleService-Info.plist in Resources */ = {isa = PBXBuildFile; fileRef = 7F52DCC629AAA2E800261C02 /* GoogleService-Info.plist */; };
		7F52DCCA29AAA3CA00261C02 /* FirebaseAuth in Frameworks */ = {isa = PBXBuildFile; productRef = 7F52DCC929AAA3CA00261C02 /* FirebaseAuth */; };
		7F52DCCC29AAA3CA00261C02 /* FirebaseFirestore in Frameworks */ = {isa = PBXBuildFile; productRef = 7F52DCCB29AAA3CA00261C02 /* FirebaseFirestore */; };
		7F52DCD229ABF3C200261C02 /* Teko-Light.ttf in Resources */ = {isa = PBXBuildFile; fileRef = 7F52DCD129ABF3C200261C02 /* Teko-Light.ttf */; };
		7F9937BC29AD8DCE0090283E /* SignUpView-ViewModel.swift in Sources */ = {isa = PBXBuildFile; fileRef = 7F9937BB29AD8DCE0090283E /* SignUpView-ViewModel.swift */; };
		7F9937BE29ADB40F0090283E /* LoginView-ViewModel.swift in Sources */ = {isa = PBXBuildFile; fileRef = 7F9937BD29ADB40F0090283E /* LoginView-ViewModel.swift */; };
		7F9937D029AE4EAE0090283E /* SchoolWorkNoteView.swift in Sources */ = {isa = PBXBuildFile; fileRef = 7F9937CF29AE4EAE0090283E /* SchoolWorkNoteView.swift */; };
		7F9937D629AFE3850090283E /* SchoolWorkRepository.swift in Sources */ = {isa = PBXBuildFile; fileRef = 7F9937D529AFE3850090283E /* SchoolWorkRepository.swift */; };
		7F9937D929AFE5C50090283E /* SchoolWorkNote.swift in Sources */ = {isa = PBXBuildFile; fileRef = 7F9937D829AFE5C50090283E /* SchoolWorkNote.swift */; };
		7F9937DC29AFF4610090283E /* FirebaseFirestoreSwift in Frameworks */ = {isa = PBXBuildFile; productRef = 7F9937DB29AFF4610090283E /* FirebaseFirestoreSwift */; };
		7F9937DE29B030710090283E /* SchoolWorkNoteItemView.swift in Sources */ = {isa = PBXBuildFile; fileRef = 7F9937DD29B030710090283E /* SchoolWorkNoteItemView.swift */; };
		7F9937E229B030CB0090283E /* SchoolWorkNoteItemView-ViewModel.swift in Sources */ = {isa = PBXBuildFile; fileRef = 7F9937E129B030CB0090283E /* SchoolWorkNoteItemView-ViewModel.swift */; };
		7F9937E529B05DF90090283E /* SchoolWorkNoteViewModel.swift in Sources */ = {isa = PBXBuildFile; fileRef = 7F9937E429B05DF90090283E /* SchoolWorkNoteViewModel.swift */; };
		7F9937E729B064390090283E /* AccountView.swift in Sources */ = {isa = PBXBuildFile; fileRef = 7F9937E629B064390090283E /* AccountView.swift */; };
		7F9937E929B10BA40090283E /* AccountViewModel.swift in Sources */ = {isa = PBXBuildFile; fileRef = 7F9937E829B10BA40090283E /* AccountViewModel.swift */; };
		7F9937EB29B1AD920090283E /* AuthTestService.swift in Sources */ = {isa = PBXBuildFile; fileRef = 7F9937EA29B1AD920090283E /* AuthTestService.swift */; };
		7F9937ED29B3C11F0090283E /* CommunityServiceNoteView.swift in Sources */ = {isa = PBXBuildFile; fileRef = 7F9937EC29B3C11F0090283E /* CommunityServiceNoteView.swift */; };
		7F9937EF29B3C8F00090283E /* CommunityServiceNote.swift in Sources */ = {isa = PBXBuildFile; fileRef = 7F9937EE29B3C8F00090283E /* CommunityServiceNote.swift */; };
		7F9937F129B3C9610090283E /* CommunityServiceNoteViewModel.swift in Sources */ = {isa = PBXBuildFile; fileRef = 7F9937F029B3C9610090283E /* CommunityServiceNoteViewModel.swift */; };
		7F9937F329B3C9A90090283E /* CommunityServiceRepository.swift in Sources */ = {isa = PBXBuildFile; fileRef = 7F9937F229B3C9A90090283E /* CommunityServiceRepository.swift */; };
		7F9937F629B3CBD70090283E /* CommunityServiceNoteItemView.swift in Sources */ = {isa = PBXBuildFile; fileRef = 7F9937F529B3CBD70090283E /* CommunityServiceNoteItemView.swift */; };
		7F9937F829B3D72E0090283E /* IndependentProjectNoteView.swift in Sources */ = {isa = PBXBuildFile; fileRef = 7F9937F729B3D72E0090283E /* IndependentProjectNoteView.swift */; };
		7F9937FA29B3D94D0090283E /* IndependentProjectNote.swift in Sources */ = {isa = PBXBuildFile; fileRef = 7F9937F929B3D94D0090283E /* IndependentProjectNote.swift */; };
		7F9937FE29B3DA0D0090283E /* IndependentProjectNoteViewModel.swift in Sources */ = {isa = PBXBuildFile; fileRef = 7F9937FD29B3DA0D0090283E /* IndependentProjectNoteViewModel.swift */; };
		7F99380029B3DA3D0090283E /* IndependentProjectRepository.swift in Sources */ = {isa = PBXBuildFile; fileRef = 7F9937FF29B3DA3D0090283E /* IndependentProjectRepository.swift */; };
		7F99380229B3DADD0090283E /* IndependentProjectNoteItemView.swift in Sources */ = {isa = PBXBuildFile; fileRef = 7F99380129B3DADD0090283E /* IndependentProjectNoteItemView.swift */; };
		7F99380429B45CE20090283E /* SummerProgramNoteView.swift in Sources */ = {isa = PBXBuildFile; fileRef = 7F99380329B45CE20090283E /* SummerProgramNoteView.swift */; };
		7F99380629B45E640090283E /* SummerProgramNote.swift in Sources */ = {isa = PBXBuildFile; fileRef = 7F99380529B45E640090283E /* SummerProgramNote.swift */; };
		7F99380829B45F180090283E /* SummerProgramNoteViewModel.swift in Sources */ = {isa = PBXBuildFile; fileRef = 7F99380729B45F180090283E /* SummerProgramNoteViewModel.swift */; };
		7F99380A29B45F3E0090283E /* SummerProgramRepository.swift in Sources */ = {isa = PBXBuildFile; fileRef = 7F99380929B45F3E0090283E /* SummerProgramRepository.swift */; };
		7F99380C29B4604E0090283E /* SummerProgramNoteItemView.swift in Sources */ = {isa = PBXBuildFile; fileRef = 7F99380B29B4604E0090283E /* SummerProgramNoteItemView.swift */; };
		7F99380E29B4DDAD0090283E /* WorkExperienceNoteView.swift in Sources */ = {isa = PBXBuildFile; fileRef = 7F99380D29B4DDAD0090283E /* WorkExperienceNoteView.swift */; };
		7F99381029B4DE690090283E /* SummerWorkNote.swift in Sources */ = {isa = PBXBuildFile; fileRef = 7F99380F29B4DE690090283E /* SummerWorkNote.swift */; };
		7F99381429B4DF9F0090283E /* WorkExperienceRepository.swift in Sources */ = {isa = PBXBuildFile; fileRef = 7F99381329B4DF9F0090283E /* WorkExperienceRepository.swift */; };
		7F99381629B4E0210090283E /* WorkExperienceNoteItemView.swift in Sources */ = {isa = PBXBuildFile; fileRef = 7F99381529B4E0210090283E /* WorkExperienceNoteItemView.swift */; };
		7F99381829B4E2A20090283E /* GeneralNoteView.swift in Sources */ = {isa = PBXBuildFile; fileRef = 7F99381729B4E2A20090283E /* GeneralNoteView.swift */; };
		7F99381A29B4E4570090283E /* GeneralNoteViewModel.swift in Sources */ = {isa = PBXBuildFile; fileRef = 7F99381929B4E4570090283E /* GeneralNoteViewModel.swift */; };
		7F99381C29B4E4F60090283E /* GeneralNote.swift in Sources */ = {isa = PBXBuildFile; fileRef = 7F99381B29B4E4F60090283E /* GeneralNote.swift */; };
		7F99381E29B4E5B80090283E /* WorkExperienceNoteViewModel.swift in Sources */ = {isa = PBXBuildFile; fileRef = 7F99381D29B4E5B80090283E /* WorkExperienceNoteViewModel.swift */; };
		7F99382029B4E5D90090283E /* GeneralRepository.swift in Sources */ = {isa = PBXBuildFile; fileRef = 7F99381F29B4E5D90090283E /* GeneralRepository.swift */; };
		7F99382229B4E6260090283E /* GeneralNoteItemView.swift in Sources */ = {isa = PBXBuildFile; fileRef = 7F99382129B4E6260090283E /* GeneralNoteItemView.swift */; };
		7F99382429B6881C0090283E /* ViewSchoolWorkNotes.swift in Sources */ = {isa = PBXBuildFile; fileRef = 7F99382329B6881C0090283E /* ViewSchoolWorkNotes.swift */; };
/* End PBXBuildFile section */

/* Begin PBXFileReference section */
		2872CBB729AD694A00952AE5 /* HomeScreenView.swift */ = {isa = PBXFileReference; lastKnownFileType = sourcecode.swift; path = HomeScreenView.swift; sourceTree = "<group>"; };
		2872CBB929AD69B000952AE5 /* InitialLoginView.swift */ = {isa = PBXFileReference; lastKnownFileType = sourcecode.swift; path = InitialLoginView.swift; sourceTree = "<group>"; };
		2872CBBB29AD6DF200952AE5 /* ColorExample.swift */ = {isa = PBXFileReference; lastKnownFileType = sourcecode.swift; path = ColorExample.swift; sourceTree = "<group>"; };
		2872CBBD29AD6F3C00952AE5 /* AuthenticationService.swift */ = {isa = PBXFileReference; lastKnownFileType = sourcecode.swift; path = AuthenticationService.swift; sourceTree = "<group>"; };
		7F52DCA529AAA19400261C02 /* ReflectEarlyTesting2.app */ = {isa = PBXFileReference; explicitFileType = wrapper.application; includeInIndex = 0; path = ReflectEarlyTesting2.app; sourceTree = BUILT_PRODUCTS_DIR; };
		7F52DCA829AAA19400261C02 /* ReflectEarlyTesting2App.swift */ = {isa = PBXFileReference; lastKnownFileType = sourcecode.swift; path = ReflectEarlyTesting2App.swift; sourceTree = "<group>"; };
		7F52DCAC29AAA19500261C02 /* Assets.xcassets */ = {isa = PBXFileReference; lastKnownFileType = folder.assetcatalog; path = Assets.xcassets; sourceTree = "<group>"; };
		7F52DCAF29AAA19500261C02 /* Preview Assets.xcassets */ = {isa = PBXFileReference; lastKnownFileType = folder.assetcatalog; path = "Preview Assets.xcassets"; sourceTree = "<group>"; };
		7F52DCB829AAA27100261C02 /* ContentView.swift */ = {isa = PBXFileReference; fileEncoding = 4; lastKnownFileType = sourcecode.swift; path = ContentView.swift; sourceTree = "<group>"; };
		7F52DCBA29AAA28F00261C02 /* UserView.swift */ = {isa = PBXFileReference; fileEncoding = 4; lastKnownFileType = sourcecode.swift; path = UserView.swift; sourceTree = "<group>"; };
		7F52DCBB29AAA28F00261C02 /* ContentView-ViewModel.swift */ = {isa = PBXFileReference; fileEncoding = 4; lastKnownFileType = sourcecode.swift; path = "ContentView-ViewModel.swift"; sourceTree = "<group>"; };
		7F52DCBC29AAA28F00261C02 /* ChooseNoteTypeView.swift */ = {isa = PBXFileReference; fileEncoding = 4; lastKnownFileType = sourcecode.swift; path = ChooseNoteTypeView.swift; sourceTree = "<group>"; };
		7F52DCBD29AAA28F00261C02 /* SignUpView.swift */ = {isa = PBXFileReference; fileEncoding = 4; lastKnownFileType = sourcecode.swift; path = SignUpView.swift; sourceTree = "<group>"; };
		7F52DCBE29AAA29000261C02 /* LoginView.swift */ = {isa = PBXFileReference; fileEncoding = 4; lastKnownFileType = sourcecode.swift; path = LoginView.swift; sourceTree = "<group>"; };
		7F52DCBF29AAA29000261C02 /* SettingsView.swift */ = {isa = PBXFileReference; fileEncoding = 4; lastKnownFileType = sourcecode.swift; path = SettingsView.swift; sourceTree = "<group>"; };
		7F52DCC629AAA2E800261C02 /* GoogleService-Info.plist */ = {isa = PBXFileReference; fileEncoding = 4; lastKnownFileType = text.plist.xml; path = "GoogleService-Info.plist"; sourceTree = "<group>"; };
		7F52DCD029ABCAF800261C02 /* Info.plist */ = {isa = PBXFileReference; lastKnownFileType = text.plist.xml; path = Info.plist; sourceTree = "<group>"; };
		7F52DCD129ABF3C200261C02 /* Teko-Light.ttf */ = {isa = PBXFileReference; lastKnownFileType = file; path = "Teko-Light.ttf"; sourceTree = "<group>"; };
		7F9937BB29AD8DCE0090283E /* SignUpView-ViewModel.swift */ = {isa = PBXFileReference; lastKnownFileType = sourcecode.swift; path = "SignUpView-ViewModel.swift"; sourceTree = "<group>"; };
		7F9937BD29ADB40F0090283E /* LoginView-ViewModel.swift */ = {isa = PBXFileReference; lastKnownFileType = sourcecode.swift; path = "LoginView-ViewModel.swift"; sourceTree = "<group>"; };
		7F9937CF29AE4EAE0090283E /* SchoolWorkNoteView.swift */ = {isa = PBXFileReference; lastKnownFileType = sourcecode.swift; path = SchoolWorkNoteView.swift; sourceTree = "<group>"; };
		7F9937D529AFE3850090283E /* SchoolWorkRepository.swift */ = {isa = PBXFileReference; lastKnownFileType = sourcecode.swift; path = SchoolWorkRepository.swift; sourceTree = "<group>"; };
		7F9937D829AFE5C50090283E /* SchoolWorkNote.swift */ = {isa = PBXFileReference; lastKnownFileType = sourcecode.swift; path = SchoolWorkNote.swift; sourceTree = "<group>"; };
		7F9937DD29B030710090283E /* SchoolWorkNoteItemView.swift */ = {isa = PBXFileReference; lastKnownFileType = sourcecode.swift; path = SchoolWorkNoteItemView.swift; sourceTree = "<group>"; };
		7F9937E129B030CB0090283E /* SchoolWorkNoteItemView-ViewModel.swift */ = {isa = PBXFileReference; lastKnownFileType = sourcecode.swift; path = "SchoolWorkNoteItemView-ViewModel.swift"; sourceTree = "<group>"; };
		7F9937E429B05DF90090283E /* SchoolWorkNoteViewModel.swift */ = {isa = PBXFileReference; lastKnownFileType = sourcecode.swift; path = SchoolWorkNoteViewModel.swift; sourceTree = "<group>"; };
		7F9937E629B064390090283E /* AccountView.swift */ = {isa = PBXFileReference; lastKnownFileType = sourcecode.swift; path = AccountView.swift; sourceTree = "<group>"; };
		7F9937E829B10BA40090283E /* AccountViewModel.swift */ = {isa = PBXFileReference; lastKnownFileType = sourcecode.swift; path = AccountViewModel.swift; sourceTree = "<group>"; };
		7F9937EA29B1AD920090283E /* AuthTestService.swift */ = {isa = PBXFileReference; lastKnownFileType = sourcecode.swift; path = AuthTestService.swift; sourceTree = "<group>"; };
		7F9937EC29B3C11F0090283E /* CommunityServiceNoteView.swift */ = {isa = PBXFileReference; lastKnownFileType = sourcecode.swift; path = CommunityServiceNoteView.swift; sourceTree = "<group>"; };
		7F9937EE29B3C8F00090283E /* CommunityServiceNote.swift */ = {isa = PBXFileReference; lastKnownFileType = sourcecode.swift; path = CommunityServiceNote.swift; sourceTree = "<group>"; };
		7F9937F029B3C9610090283E /* CommunityServiceNoteViewModel.swift */ = {isa = PBXFileReference; lastKnownFileType = sourcecode.swift; path = CommunityServiceNoteViewModel.swift; sourceTree = "<group>"; };
		7F9937F229B3C9A90090283E /* CommunityServiceRepository.swift */ = {isa = PBXFileReference; lastKnownFileType = sourcecode.swift; path = CommunityServiceRepository.swift; sourceTree = "<group>"; };
		7F9937F529B3CBD70090283E /* CommunityServiceNoteItemView.swift */ = {isa = PBXFileReference; lastKnownFileType = sourcecode.swift; path = CommunityServiceNoteItemView.swift; sourceTree = "<group>"; };
		7F9937F729B3D72E0090283E /* IndependentProjectNoteView.swift */ = {isa = PBXFileReference; lastKnownFileType = sourcecode.swift; path = IndependentProjectNoteView.swift; sourceTree = "<group>"; };
		7F9937F929B3D94D0090283E /* IndependentProjectNote.swift */ = {isa = PBXFileReference; lastKnownFileType = sourcecode.swift; path = IndependentProjectNote.swift; sourceTree = "<group>"; };
		7F9937FD29B3DA0D0090283E /* IndependentProjectNoteViewModel.swift */ = {isa = PBXFileReference; lastKnownFileType = sourcecode.swift; path = IndependentProjectNoteViewModel.swift; sourceTree = "<group>"; };
		7F9937FF29B3DA3D0090283E /* IndependentProjectRepository.swift */ = {isa = PBXFileReference; lastKnownFileType = sourcecode.swift; path = IndependentProjectRepository.swift; sourceTree = "<group>"; };
		7F99380129B3DADD0090283E /* IndependentProjectNoteItemView.swift */ = {isa = PBXFileReference; lastKnownFileType = sourcecode.swift; path = IndependentProjectNoteItemView.swift; sourceTree = "<group>"; };
		7F99380329B45CE20090283E /* SummerProgramNoteView.swift */ = {isa = PBXFileReference; lastKnownFileType = sourcecode.swift; path = SummerProgramNoteView.swift; sourceTree = "<group>"; };
		7F99380529B45E640090283E /* SummerProgramNote.swift */ = {isa = PBXFileReference; lastKnownFileType = sourcecode.swift; path = SummerProgramNote.swift; sourceTree = "<group>"; };
		7F99380729B45F180090283E /* SummerProgramNoteViewModel.swift */ = {isa = PBXFileReference; lastKnownFileType = sourcecode.swift; path = SummerProgramNoteViewModel.swift; sourceTree = "<group>"; };
		7F99380929B45F3E0090283E /* SummerProgramRepository.swift */ = {isa = PBXFileReference; lastKnownFileType = sourcecode.swift; path = SummerProgramRepository.swift; sourceTree = "<group>"; };
		7F99380B29B4604E0090283E /* SummerProgramNoteItemView.swift */ = {isa = PBXFileReference; lastKnownFileType = sourcecode.swift; path = SummerProgramNoteItemView.swift; sourceTree = "<group>"; };
		7F99380D29B4DDAD0090283E /* WorkExperienceNoteView.swift */ = {isa = PBXFileReference; lastKnownFileType = sourcecode.swift; path = WorkExperienceNoteView.swift; sourceTree = "<group>"; };
		7F99380F29B4DE690090283E /* SummerWorkNote.swift */ = {isa = PBXFileReference; lastKnownFileType = sourcecode.swift; path = SummerWorkNote.swift; sourceTree = "<group>"; };
		7F99381329B4DF9F0090283E /* WorkExperienceRepository.swift */ = {isa = PBXFileReference; lastKnownFileType = sourcecode.swift; path = WorkExperienceRepository.swift; sourceTree = "<group>"; };
		7F99381529B4E0210090283E /* WorkExperienceNoteItemView.swift */ = {isa = PBXFileReference; lastKnownFileType = sourcecode.swift; path = WorkExperienceNoteItemView.swift; sourceTree = "<group>"; };
		7F99381729B4E2A20090283E /* GeneralNoteView.swift */ = {isa = PBXFileReference; lastKnownFileType = sourcecode.swift; path = GeneralNoteView.swift; sourceTree = "<group>"; };
		7F99381929B4E4570090283E /* GeneralNoteViewModel.swift */ = {isa = PBXFileReference; lastKnownFileType = sourcecode.swift; path = GeneralNoteViewModel.swift; sourceTree = "<group>"; };
		7F99381B29B4E4F60090283E /* GeneralNote.swift */ = {isa = PBXFileReference; lastKnownFileType = sourcecode.swift; path = GeneralNote.swift; sourceTree = "<group>"; };
		7F99381D29B4E5B80090283E /* WorkExperienceNoteViewModel.swift */ = {isa = PBXFileReference; lastKnownFileType = sourcecode.swift; path = WorkExperienceNoteViewModel.swift; sourceTree = "<group>"; };
		7F99381F29B4E5D90090283E /* GeneralRepository.swift */ = {isa = PBXFileReference; lastKnownFileType = sourcecode.swift; path = GeneralRepository.swift; sourceTree = "<group>"; };
		7F99382129B4E6260090283E /* GeneralNoteItemView.swift */ = {isa = PBXFileReference; lastKnownFileType = sourcecode.swift; path = GeneralNoteItemView.swift; sourceTree = "<group>"; };
		7F99382329B6881C0090283E /* ViewSchoolWorkNotes.swift */ = {isa = PBXFileReference; lastKnownFileType = sourcecode.swift; path = ViewSchoolWorkNotes.swift; sourceTree = "<group>"; };
/* End PBXFileReference section */

/* Begin PBXFrameworksBuildPhase section */
		7F52DCA229AAA19400261C02 /* Frameworks */ = {
			isa = PBXFrameworksBuildPhase;
			buildActionMask = 2147483647;
			files = (
				7F52DCCA29AAA3CA00261C02 /* FirebaseAuth in Frameworks */,
				7F52DCCC29AAA3CA00261C02 /* FirebaseFirestore in Frameworks */,
				7F9937DC29AFF4610090283E /* FirebaseFirestoreSwift in Frameworks */,
			);
			runOnlyForDeploymentPostprocessing = 0;
		};
/* End PBXFrameworksBuildPhase section */

/* Begin PBXGroup section */
		7F52DC9C29AAA19400261C02 = {
			isa = PBXGroup;
			children = (
				7F52DCA729AAA19400261C02 /* ReflectEarlyTesting2 */,
				7F52DCA629AAA19400261C02 /* Products */,
				7F9937DA29AFF4610090283E /* Frameworks */,
			);
			sourceTree = "<group>";
		};
		7F52DCA629AAA19400261C02 /* Products */ = {
			isa = PBXGroup;
			children = (
				7F52DCA529AAA19400261C02 /* ReflectEarlyTesting2.app */,
			);
			name = Products;
			sourceTree = "<group>";
		};
		7F52DCA729AAA19400261C02 /* ReflectEarlyTesting2 */ = {
			isa = PBXGroup;
			children = (
				7F9937C529AE3DA00090283E /* LoginViews */,
				7F9937C729AE3DF10090283E /* StudentParentViews */,
				7F9937C929AE3E430090283E /* Services */,
				7F52DCAE29AAA19500261C02 /* Preview Content */,
				7F9937CC29AE3EA60090283E /* Assets&Info */,
				7F9937CA29AE3E5B0090283E /* ToBeDeleted */,
			);
			path = ReflectEarlyTesting2;
			sourceTree = "<group>";
		};
		7F52DCAE29AAA19500261C02 /* Preview Content */ = {
			isa = PBXGroup;
			children = (
				7F52DCAF29AAA19500261C02 /* Preview Assets.xcassets */,
			);
			path = "Preview Content";
			sourceTree = "<group>";
		};
		7F52DCCD29ABC90D00261C02 /* Fonts */ = {
			isa = PBXGroup;
			children = (
				7F52DCD129ABF3C200261C02 /* Teko-Light.ttf */,
			);
			path = Fonts;
			sourceTree = "<group>";
		};
		7F9937C529AE3DA00090283E /* LoginViews */ = {
			isa = PBXGroup;
			children = (
				2872CBB929AD69B000952AE5 /* InitialLoginView.swift */,
				7F52DCBD29AAA28F00261C02 /* SignUpView.swift */,
				7F52DCBE29AAA29000261C02 /* LoginView.swift */,
				7F9937C629AE3DC10090283E /* ViewModels */,
			);
			name = LoginViews;
			sourceTree = "<group>";
		};
		7F9937C629AE3DC10090283E /* ViewModels */ = {
			isa = PBXGroup;
			children = (
				7F9937BB29AD8DCE0090283E /* SignUpView-ViewModel.swift */,
				7F9937BD29ADB40F0090283E /* LoginView-ViewModel.swift */,
			);
			name = ViewModels;
			sourceTree = "<group>";
		};
		7F9937C729AE3DF10090283E /* StudentParentViews */ = {
			isa = PBXGroup;
			children = (
				7F9937DF29B0308D0090283E /* MainViews */,
				7F9937C829AE3E1B0090283E /* NewNoteViews */,
			);
			name = StudentParentViews;
			sourceTree = "<group>";
		};
		7F9937C829AE3E1B0090283E /* NewNoteViews */ = {
			isa = PBXGroup;
			children = (
				7F52DCBC29AAA28F00261C02 /* ChooseNoteTypeView.swift */,
				7F9937CF29AE4EAE0090283E /* SchoolWorkNoteView.swift */,
				7F9937EC29B3C11F0090283E /* CommunityServiceNoteView.swift */,
				7F9937F729B3D72E0090283E /* IndependentProjectNoteView.swift */,
				7F99380329B45CE20090283E /* SummerProgramNoteView.swift */,
				7F99380D29B4DDAD0090283E /* WorkExperienceNoteView.swift */,
				7F99381729B4E2A20090283E /* GeneralNoteView.swift */,
				7F9937F429B3CBB50090283E /* NoteViews */,
				7F9937D729AFE5A30090283E /* Models */,
				7F9937D129AE4FD10090283E /* ViewModels */,
				7F9937D429AFE35B0090283E /* Repositories */,
			);
			name = NewNoteViews;
			sourceTree = "<group>";
		};
		7F9937C929AE3E430090283E /* Services */ = {
			isa = PBXGroup;
			children = (
				2872CBBD29AD6F3C00952AE5 /* AuthenticationService.swift */,
				7F9937EA29B1AD920090283E /* AuthTestService.swift */,
			);
			name = Services;
			sourceTree = "<group>";
		};
		7F9937CA29AE3E5B0090283E /* ToBeDeleted */ = {
			isa = PBXGroup;
			children = (
				7F9937E129B030CB0090283E /* SchoolWorkNoteItemView-ViewModel.swift */,
				7F52DCB829AAA27100261C02 /* ContentView.swift */,
				7F52DCBB29AAA28F00261C02 /* ContentView-ViewModel.swift */,
				2872CBBB29AD6DF200952AE5 /* ColorExample.swift */,
			);
			name = ToBeDeleted;
			sourceTree = "<group>";
		};
		7F9937CC29AE3EA60090283E /* Assets&Info */ = {
			isa = PBXGroup;
			children = (
				7F52DCCD29ABC90D00261C02 /* Fonts */,
				7F52DCA829AAA19400261C02 /* ReflectEarlyTesting2App.swift */,
				7F52DCAC29AAA19500261C02 /* Assets.xcassets */,
				7F52DCC629AAA2E800261C02 /* GoogleService-Info.plist */,
				7F52DCD029ABCAF800261C02 /* Info.plist */,
			);
			name = "Assets&Info";
			sourceTree = "<group>";
		};
		7F9937D129AE4FD10090283E /* ViewModels */ = {
			isa = PBXGroup;
			children = (
				7F9937E429B05DF90090283E /* SchoolWorkNoteViewModel.swift */,
				7F9937F029B3C9610090283E /* CommunityServiceNoteViewModel.swift */,
				7F9937FD29B3DA0D0090283E /* IndependentProjectNoteViewModel.swift */,
				7F99380729B45F180090283E /* SummerProgramNoteViewModel.swift */,
				7F99381D29B4E5B80090283E /* WorkExperienceNoteViewModel.swift */,
				7F99381929B4E4570090283E /* GeneralNoteViewModel.swift */,
			);
			name = ViewModels;
			sourceTree = "<group>";
		};
		7F9937D429AFE35B0090283E /* Repositories */ = {
			isa = PBXGroup;
			children = (
				7F9937D529AFE3850090283E /* SchoolWorkRepository.swift */,
				7F9937F229B3C9A90090283E /* CommunityServiceRepository.swift */,
				7F9937FF29B3DA3D0090283E /* IndependentProjectRepository.swift */,
				7F99380929B45F3E0090283E /* SummerProgramRepository.swift */,
				7F99381329B4DF9F0090283E /* WorkExperienceRepository.swift */,
				7F99381F29B4E5D90090283E /* GeneralRepository.swift */,
			);
			name = Repositories;
			sourceTree = "<group>";
		};
		7F9937D729AFE5A30090283E /* Models */ = {
			isa = PBXGroup;
			children = (
				7F9937D829AFE5C50090283E /* SchoolWorkNote.swift */,
				7F9937EE29B3C8F00090283E /* CommunityServiceNote.swift */,
				7F9937F929B3D94D0090283E /* IndependentProjectNote.swift */,
				7F99380529B45E640090283E /* SummerProgramNote.swift */,
				7F99380F29B4DE690090283E /* SummerWorkNote.swift */,
				7F99381B29B4E4F60090283E /* GeneralNote.swift */,
			);
			name = Models;
			sourceTree = "<group>";
		};
		7F9937DA29AFF4610090283E /* Frameworks */ = {
			isa = PBXGroup;
			children = (
			);
			name = Frameworks;
			sourceTree = "<group>";
		};
		7F9937DF29B0308D0090283E /* MainViews */ = {
			isa = PBXGroup;
			children = (
				2872CBB729AD694A00952AE5 /* HomeScreenView.swift */,
				7F52DCBA29AAA28F00261C02 /* UserView.swift */,
				7F9937E629B064390090283E /* AccountView.swift */,
				7F52DCBF29AAA29000261C02 /* SettingsView.swift */,
				7F9937E329B032E50090283E /* ViewModels */,
				7F99382329B6881C0090283E /* ViewSchoolWorkNotes.swift */,
			);
			name = MainViews;
			sourceTree = "<group>";
		};
		7F9937E329B032E50090283E /* ViewModels */ = {
			isa = PBXGroup;
			children = (
				7F9937E829B10BA40090283E /* AccountViewModel.swift */,
			);
			name = ViewModels;
			sourceTree = "<group>";
		};
		7F9937F429B3CBB50090283E /* NoteViews */ = {
			isa = PBXGroup;
			children = (
				7F9937DD29B030710090283E /* SchoolWorkNoteItemView.swift */,
				7F9937F529B3CBD70090283E /* CommunityServiceNoteItemView.swift */,
				7F99380129B3DADD0090283E /* IndependentProjectNoteItemView.swift */,
				7F99380B29B4604E0090283E /* SummerProgramNoteItemView.swift */,
				7F99381529B4E0210090283E /* WorkExperienceNoteItemView.swift */,
				7F99382129B4E6260090283E /* GeneralNoteItemView.swift */,
			);
			name = NoteViews;
			sourceTree = "<group>";
		};
/* End PBXGroup section */

/* Begin PBXNativeTarget section */
		7F52DCA429AAA19400261C02 /* ReflectEarlyTesting2 */ = {
			isa = PBXNativeTarget;
			buildConfigurationList = 7F52DCB329AAA19500261C02 /* Build configuration list for PBXNativeTarget "ReflectEarlyTesting2" */;
			buildPhases = (
				7F52DCA129AAA19400261C02 /* Sources */,
				7F52DCA229AAA19400261C02 /* Frameworks */,
				7F52DCA329AAA19400261C02 /* Resources */,
			);
			buildRules = (
			);
			dependencies = (
			);
			name = ReflectEarlyTesting2;
			packageProductDependencies = (
				7F52DCC929AAA3CA00261C02 /* FirebaseAuth */,
				7F52DCCB29AAA3CA00261C02 /* FirebaseFirestore */,
				7F9937DB29AFF4610090283E /* FirebaseFirestoreSwift */,
			);
			productName = ReflectEarlyTesting2;
			productReference = 7F52DCA529AAA19400261C02 /* ReflectEarlyTesting2.app */;
			productType = "com.apple.product-type.application";
		};
/* End PBXNativeTarget section */

/* Begin PBXProject section */
		7F52DC9D29AAA19400261C02 /* Project object */ = {
			isa = PBXProject;
			attributes = {
				BuildIndependentTargetsInParallel = 1;
				LastSwiftUpdateCheck = 1420;
				LastUpgradeCheck = 1420;
				TargetAttributes = {
					7F52DCA429AAA19400261C02 = {
						CreatedOnToolsVersion = 14.2;
					};
				};
			};
			buildConfigurationList = 7F52DCA029AAA19400261C02 /* Build configuration list for PBXProject "ReflectEarlyTesting2" */;
			compatibilityVersion = "Xcode 14.0";
			developmentRegion = en;
			hasScannedForEncodings = 0;
			knownRegions = (
				en,
				Base,
			);
			mainGroup = 7F52DC9C29AAA19400261C02;
			packageReferences = (
				7F52DCC829AAA3CA00261C02 /* XCRemoteSwiftPackageReference "firebase-ios-sdk" */,
			);
			productRefGroup = 7F52DCA629AAA19400261C02 /* Products */;
			projectDirPath = "";
			projectRoot = "";
			targets = (
				7F52DCA429AAA19400261C02 /* ReflectEarlyTesting2 */,
			);
		};
/* End PBXProject section */

/* Begin PBXResourcesBuildPhase section */
		7F52DCA329AAA19400261C02 /* Resources */ = {
			isa = PBXResourcesBuildPhase;
			buildActionMask = 2147483647;
			files = (
				7F52DCB029AAA19500261C02 /* Preview Assets.xcassets in Resources */,
				7F52DCAD29AAA19500261C02 /* Assets.xcassets in Resources */,
				7F52DCC729AAA2E800261C02 /* GoogleService-Info.plist in Resources */,
				7F52DCD229ABF3C200261C02 /* Teko-Light.ttf in Resources */,
			);
			runOnlyForDeploymentPostprocessing = 0;
		};
/* End PBXResourcesBuildPhase section */

/* Begin PBXSourcesBuildPhase section */
		7F52DCA129AAA19400261C02 /* Sources */ = {
			isa = PBXSourcesBuildPhase;
			buildActionMask = 2147483647;
			files = (
				7F9937D929AFE5C50090283E /* SchoolWorkNote.swift in Sources */,
				7F99381029B4DE690090283E /* SummerWorkNote.swift in Sources */,
				2872CBBC29AD6DF200952AE5 /* ColorExample.swift in Sources */,
				7F52DCB929AAA27100261C02 /* ContentView.swift in Sources */,
				7F9937E529B05DF90090283E /* SchoolWorkNoteViewModel.swift in Sources */,
				7F99382029B4E5D90090283E /* GeneralRepository.swift in Sources */,
				2872CBBA29AD69B000952AE5 /* InitialLoginView.swift in Sources */,
				2872CBBE29AD6F3C00952AE5 /* AuthenticationService.swift in Sources */,
				7F99380A29B45F3E0090283E /* SummerProgramRepository.swift in Sources */,
				7F99380C29B4604E0090283E /* SummerProgramNoteItemView.swift in Sources */,
				7F99382429B6881C0090283E /* ViewSchoolWorkNotes.swift in Sources */,
				7F9937DE29B030710090283E /* SchoolWorkNoteItemView.swift in Sources */,
				7F99380229B3DADD0090283E /* IndependentProjectNoteItemView.swift in Sources */,
				7F99380829B45F180090283E /* SummerProgramNoteViewModel.swift in Sources */,
				7F99381429B4DF9F0090283E /* WorkExperienceRepository.swift in Sources */,
				7F99380429B45CE20090283E /* SummerProgramNoteView.swift in Sources */,
				7F52DCC529AAA29000261C02 /* SettingsView.swift in Sources */,
				7F99381E29B4E5B80090283E /* WorkExperienceNoteViewModel.swift in Sources */,
				7F9937EF29B3C8F00090283E /* CommunityServiceNote.swift in Sources */,
				7F99382229B4E6260090283E /* GeneralNoteItemView.swift in Sources */,
				7F99381C29B4E4F60090283E /* GeneralNote.swift in Sources */,
				7F9937F329B3C9A90090283E /* CommunityServiceRepository.swift in Sources */,
				7F99380029B3DA3D0090283E /* IndependentProjectRepository.swift in Sources */,
				7F9937F829B3D72E0090283E /* IndependentProjectNoteView.swift in Sources */,
				7F9937E729B064390090283E /* AccountView.swift in Sources */,
				7F9937F629B3CBD70090283E /* CommunityServiceNoteItemView.swift in Sources */,
				7F99380629B45E640090283E /* SummerProgramNote.swift in Sources */,
				7F52DCC429AAA29000261C02 /* LoginView.swift in Sources */,
				7F9937E929B10BA40090283E /* AccountViewModel.swift in Sources */,
				7F9937BC29AD8DCE0090283E /* SignUpView-ViewModel.swift in Sources */,
				7F99380E29B4DDAD0090283E /* WorkExperienceNoteView.swift in Sources */,
				2872CBB829AD694A00952AE5 /* HomeScreenView.swift in Sources */,
				7F99381A29B4E4570090283E /* GeneralNoteViewModel.swift in Sources */,
				7F52DCC129AAA29000261C02 /* ContentView-ViewModel.swift in Sources */,
				7F99381629B4E0210090283E /* WorkExperienceNoteItemView.swift in Sources */,
				7F9937D629AFE3850090283E /* SchoolWorkRepository.swift in Sources */,
				7F52DCC029AAA29000261C02 /* UserView.swift in Sources */,
				7F9937ED29B3C11F0090283E /* CommunityServiceNoteView.swift in Sources */,
				7F9937FE29B3DA0D0090283E /* IndependentProjectNoteViewModel.swift in Sources */,
				7F52DCC229AAA29000261C02 /* ChooseNoteTypeView.swift in Sources */,
				7F9937BE29ADB40F0090283E /* LoginView-ViewModel.swift in Sources */,
				7F9937F129B3C9610090283E /* CommunityServiceNoteViewModel.swift in Sources */,
				7F9937EB29B1AD920090283E /* AuthTestService.swift in Sources */,
				7F52DCC329AAA29000261C02 /* SignUpView.swift in Sources */,
				7F99381829B4E2A20090283E /* GeneralNoteView.swift in Sources */,
				7F9937FA29B3D94D0090283E /* IndependentProjectNote.swift in Sources */,
				7F52DCA929AAA19400261C02 /* ReflectEarlyTesting2App.swift in Sources */,
				7F9937D029AE4EAE0090283E /* SchoolWorkNoteView.swift in Sources */,
				7F9937E229B030CB0090283E /* SchoolWorkNoteItemView-ViewModel.swift in Sources */,
			);
			runOnlyForDeploymentPostprocessing = 0;
		};
/* End PBXSourcesBuildPhase section */

/* Begin XCBuildConfiguration section */
		7F52DCB129AAA19500261C02 /* Debug */ = {
			isa = XCBuildConfiguration;
			buildSettings = {
				ALWAYS_SEARCH_USER_PATHS = NO;
				CLANG_ANALYZER_NONNULL = YES;
				CLANG_ANALYZER_NUMBER_OBJECT_CONVERSION = YES_AGGRESSIVE;
				CLANG_CXX_LANGUAGE_STANDARD = "gnu++20";
				CLANG_ENABLE_MODULES = YES;
				CLANG_ENABLE_OBJC_ARC = YES;
				CLANG_ENABLE_OBJC_WEAK = YES;
				CLANG_WARN_BLOCK_CAPTURE_AUTORELEASING = YES;
				CLANG_WARN_BOOL_CONVERSION = YES;
				CLANG_WARN_COMMA = YES;
				CLANG_WARN_CONSTANT_CONVERSION = YES;
				CLANG_WARN_DEPRECATED_OBJC_IMPLEMENTATIONS = YES;
				CLANG_WARN_DIRECT_OBJC_ISA_USAGE = YES_ERROR;
				CLANG_WARN_DOCUMENTATION_COMMENTS = YES;
				CLANG_WARN_EMPTY_BODY = YES;
				CLANG_WARN_ENUM_CONVERSION = YES;
				CLANG_WARN_INFINITE_RECURSION = YES;
				CLANG_WARN_INT_CONVERSION = YES;
				CLANG_WARN_NON_LITERAL_NULL_CONVERSION = YES;
				CLANG_WARN_OBJC_IMPLICIT_RETAIN_SELF = YES;
				CLANG_WARN_OBJC_LITERAL_CONVERSION = YES;
				CLANG_WARN_OBJC_ROOT_CLASS = YES_ERROR;
				CLANG_WARN_QUOTED_INCLUDE_IN_FRAMEWORK_HEADER = YES;
				CLANG_WARN_RANGE_LOOP_ANALYSIS = YES;
				CLANG_WARN_STRICT_PROTOTYPES = YES;
				CLANG_WARN_SUSPICIOUS_MOVE = YES;
				CLANG_WARN_UNGUARDED_AVAILABILITY = YES_AGGRESSIVE;
				CLANG_WARN_UNREACHABLE_CODE = YES;
				CLANG_WARN__DUPLICATE_METHOD_MATCH = YES;
				COPY_PHASE_STRIP = NO;
				DEBUG_INFORMATION_FORMAT = dwarf;
				ENABLE_STRICT_OBJC_MSGSEND = YES;
				ENABLE_TESTABILITY = YES;
				GCC_C_LANGUAGE_STANDARD = gnu11;
				GCC_DYNAMIC_NO_PIC = NO;
				GCC_NO_COMMON_BLOCKS = YES;
				GCC_OPTIMIZATION_LEVEL = 0;
				GCC_PREPROCESSOR_DEFINITIONS = (
					"DEBUG=1",
					"$(inherited)",
				);
				GCC_WARN_64_TO_32_BIT_CONVERSION = YES;
				GCC_WARN_ABOUT_RETURN_TYPE = YES_ERROR;
				GCC_WARN_UNDECLARED_SELECTOR = YES;
				GCC_WARN_UNINITIALIZED_AUTOS = YES_AGGRESSIVE;
				GCC_WARN_UNUSED_FUNCTION = YES;
				GCC_WARN_UNUSED_VARIABLE = YES;
				IPHONEOS_DEPLOYMENT_TARGET = 16.2;
				MTL_ENABLE_DEBUG_INFO = INCLUDE_SOURCE;
				MTL_FAST_MATH = YES;
				ONLY_ACTIVE_ARCH = YES;
				SDKROOT = iphoneos;
				SWIFT_ACTIVE_COMPILATION_CONDITIONS = DEBUG;
				SWIFT_OPTIMIZATION_LEVEL = "-Onone";
			};
			name = Debug;
		};
		7F52DCB229AAA19500261C02 /* Release */ = {
			isa = XCBuildConfiguration;
			buildSettings = {
				ALWAYS_SEARCH_USER_PATHS = NO;
				CLANG_ANALYZER_NONNULL = YES;
				CLANG_ANALYZER_NUMBER_OBJECT_CONVERSION = YES_AGGRESSIVE;
				CLANG_CXX_LANGUAGE_STANDARD = "gnu++20";
				CLANG_ENABLE_MODULES = YES;
				CLANG_ENABLE_OBJC_ARC = YES;
				CLANG_ENABLE_OBJC_WEAK = YES;
				CLANG_WARN_BLOCK_CAPTURE_AUTORELEASING = YES;
				CLANG_WARN_BOOL_CONVERSION = YES;
				CLANG_WARN_COMMA = YES;
				CLANG_WARN_CONSTANT_CONVERSION = YES;
				CLANG_WARN_DEPRECATED_OBJC_IMPLEMENTATIONS = YES;
				CLANG_WARN_DIRECT_OBJC_ISA_USAGE = YES_ERROR;
				CLANG_WARN_DOCUMENTATION_COMMENTS = YES;
				CLANG_WARN_EMPTY_BODY = YES;
				CLANG_WARN_ENUM_CONVERSION = YES;
				CLANG_WARN_INFINITE_RECURSION = YES;
				CLANG_WARN_INT_CONVERSION = YES;
				CLANG_WARN_NON_LITERAL_NULL_CONVERSION = YES;
				CLANG_WARN_OBJC_IMPLICIT_RETAIN_SELF = YES;
				CLANG_WARN_OBJC_LITERAL_CONVERSION = YES;
				CLANG_WARN_OBJC_ROOT_CLASS = YES_ERROR;
				CLANG_WARN_QUOTED_INCLUDE_IN_FRAMEWORK_HEADER = YES;
				CLANG_WARN_RANGE_LOOP_ANALYSIS = YES;
				CLANG_WARN_STRICT_PROTOTYPES = YES;
				CLANG_WARN_SUSPICIOUS_MOVE = YES;
				CLANG_WARN_UNGUARDED_AVAILABILITY = YES_AGGRESSIVE;
				CLANG_WARN_UNREACHABLE_CODE = YES;
				CLANG_WARN__DUPLICATE_METHOD_MATCH = YES;
				COPY_PHASE_STRIP = NO;
				DEBUG_INFORMATION_FORMAT = "dwarf-with-dsym";
				ENABLE_NS_ASSERTIONS = NO;
				ENABLE_STRICT_OBJC_MSGSEND = YES;
				GCC_C_LANGUAGE_STANDARD = gnu11;
				GCC_NO_COMMON_BLOCKS = YES;
				GCC_WARN_64_TO_32_BIT_CONVERSION = YES;
				GCC_WARN_ABOUT_RETURN_TYPE = YES_ERROR;
				GCC_WARN_UNDECLARED_SELECTOR = YES;
				GCC_WARN_UNINITIALIZED_AUTOS = YES_AGGRESSIVE;
				GCC_WARN_UNUSED_FUNCTION = YES;
				GCC_WARN_UNUSED_VARIABLE = YES;
				IPHONEOS_DEPLOYMENT_TARGET = 16.2;
				MTL_ENABLE_DEBUG_INFO = NO;
				MTL_FAST_MATH = YES;
				SDKROOT = iphoneos;
				SWIFT_COMPILATION_MODE = wholemodule;
				SWIFT_OPTIMIZATION_LEVEL = "-O";
				VALIDATE_PRODUCT = YES;
			};
			name = Release;
		};
		7F52DCB429AAA19500261C02 /* Debug */ = {
			isa = XCBuildConfiguration;
			buildSettings = {
				ASSETCATALOG_COMPILER_APPICON_NAME = AppIcon;
				ASSETCATALOG_COMPILER_GLOBAL_ACCENT_COLOR_NAME = AccentColor;
				CODE_SIGN_STYLE = Automatic;
				CURRENT_PROJECT_VERSION = 1;
				DEVELOPMENT_ASSET_PATHS = "\"ReflectEarlyTesting2/Preview Content\"";
				DEVELOPMENT_TEAM = 2M7948GP92;
				ENABLE_PREVIEWS = YES;
				GENERATE_INFOPLIST_FILE = YES;
				INFOPLIST_FILE = ReflectEarlyTesting2/Info.plist;
				INFOPLIST_KEY_UIApplicationSceneManifest_Generation = YES;
				INFOPLIST_KEY_UIApplicationSupportsIndirectInputEvents = YES;
				INFOPLIST_KEY_UILaunchScreen_Generation = YES;
				INFOPLIST_KEY_UISupportedInterfaceOrientations_iPad = "UIInterfaceOrientationPortrait UIInterfaceOrientationPortraitUpsideDown UIInterfaceOrientationLandscapeLeft UIInterfaceOrientationLandscapeRight";
				INFOPLIST_KEY_UISupportedInterfaceOrientations_iPhone = "UIInterfaceOrientationPortrait UIInterfaceOrientationLandscapeLeft UIInterfaceOrientationLandscapeRight";
				IPHONEOS_DEPLOYMENT_TARGET = 15.0;
				LD_RUNPATH_SEARCH_PATHS = (
					"$(inherited)",
					"@executable_path/Frameworks",
				);
				MARKETING_VERSION = 1.0;
				PRODUCT_BUNDLE_IDENTIFIER = me.okeefe.greydon.ReflectEarlyTesting2;
				PRODUCT_NAME = "$(TARGET_NAME)";
				SWIFT_EMIT_LOC_STRINGS = YES;
				SWIFT_VERSION = 5.0;
				TARGETED_DEVICE_FAMILY = "1,2";
			};
			name = Debug;
		};
		7F52DCB529AAA19500261C02 /* Release */ = {
			isa = XCBuildConfiguration;
			buildSettings = {
				ASSETCATALOG_COMPILER_APPICON_NAME = AppIcon;
				ASSETCATALOG_COMPILER_GLOBAL_ACCENT_COLOR_NAME = AccentColor;
				CODE_SIGN_STYLE = Automatic;
				CURRENT_PROJECT_VERSION = 1;
				DEVELOPMENT_ASSET_PATHS = "\"ReflectEarlyTesting2/Preview Content\"";
				DEVELOPMENT_TEAM = 2M7948GP92;
				ENABLE_PREVIEWS = YES;
				GENERATE_INFOPLIST_FILE = YES;
				INFOPLIST_FILE = ReflectEarlyTesting2/Info.plist;
				INFOPLIST_KEY_UIApplicationSceneManifest_Generation = YES;
				INFOPLIST_KEY_UIApplicationSupportsIndirectInputEvents = YES;
				INFOPLIST_KEY_UILaunchScreen_Generation = YES;
				INFOPLIST_KEY_UISupportedInterfaceOrientations_iPad = "UIInterfaceOrientationPortrait UIInterfaceOrientationPortraitUpsideDown UIInterfaceOrientationLandscapeLeft UIInterfaceOrientationLandscapeRight";
				INFOPLIST_KEY_UISupportedInterfaceOrientations_iPhone = "UIInterfaceOrientationPortrait UIInterfaceOrientationLandscapeLeft UIInterfaceOrientationLandscapeRight";
				IPHONEOS_DEPLOYMENT_TARGET = 15.0;
				LD_RUNPATH_SEARCH_PATHS = (
					"$(inherited)",
					"@executable_path/Frameworks",
				);
				MARKETING_VERSION = 1.0;
				PRODUCT_BUNDLE_IDENTIFIER = me.okeefe.greydon.ReflectEarlyTesting2;
				PRODUCT_NAME = "$(TARGET_NAME)";
				SWIFT_EMIT_LOC_STRINGS = YES;
				SWIFT_VERSION = 5.0;
				TARGETED_DEVICE_FAMILY = "1,2";
			};
			name = Release;
		};
/* End XCBuildConfiguration section */

/* Begin XCConfigurationList section */
		7F52DCA029AAA19400261C02 /* Build configuration list for PBXProject "ReflectEarlyTesting2" */ = {
			isa = XCConfigurationList;
			buildConfigurations = (
				7F52DCB129AAA19500261C02 /* Debug */,
				7F52DCB229AAA19500261C02 /* Release */,
			);
			defaultConfigurationIsVisible = 0;
			defaultConfigurationName = Release;
		};
		7F52DCB329AAA19500261C02 /* Build configuration list for PBXNativeTarget "ReflectEarlyTesting2" */ = {
			isa = XCConfigurationList;
			buildConfigurations = (
				7F52DCB429AAA19500261C02 /* Debug */,
				7F52DCB529AAA19500261C02 /* Release */,
			);
			defaultConfigurationIsVisible = 0;
			defaultConfigurationName = Release;
		};
/* End XCConfigurationList section */

/* Begin XCRemoteSwiftPackageReference section */
		7F52DCC829AAA3CA00261C02 /* XCRemoteSwiftPackageReference "firebase-ios-sdk" */ = {
			isa = XCRemoteSwiftPackageReference;
			repositoryURL = "https://github.com/firebase/firebase-ios-sdk.git";
			requirement = {
				kind = upToNextMajorVersion;
				minimumVersion = 9.0.0;
			};
		};
/* End XCRemoteSwiftPackageReference section */

/* Begin XCSwiftPackageProductDependency section */
		7F52DCC929AAA3CA00261C02 /* FirebaseAuth */ = {
			isa = XCSwiftPackageProductDependency;
			package = 7F52DCC829AAA3CA00261C02 /* XCRemoteSwiftPackageReference "firebase-ios-sdk" */;
			productName = FirebaseAuth;
		};
		7F52DCCB29AAA3CA00261C02 /* FirebaseFirestore */ = {
			isa = XCSwiftPackageProductDependency;
			package = 7F52DCC829AAA3CA00261C02 /* XCRemoteSwiftPackageReference "firebase-ios-sdk" */;
			productName = FirebaseFirestore;
		};
		7F9937DB29AFF4610090283E /* FirebaseFirestoreSwift */ = {
			isa = XCSwiftPackageProductDependency;
			package = 7F52DCC829AAA3CA00261C02 /* XCRemoteSwiftPackageReference "firebase-ios-sdk" */;
			productName = FirebaseFirestoreSwift;
		};
/* End XCSwiftPackageProductDependency section */
	};
	rootObject = 7F52DC9D29AAA19400261C02 /* Project object */;
}
